
Microsoft Visual Studio Solution File, Format Version 12.00
# Visual Studio Version 17
VisualStudioVersion = 17.12.35527.113
MinimumVisualStudioVersion = 10.0.40219.1
Project("{2150E333-8FDC-42A3-9474-1A3956D46DE8}") = "src", "src", "{ECCE7968-1F2F-49AE-A121-4C3008AE4426}"
EndProject
Project("{FAE04EC0-301F-11D3-BF4B-00C04F79EFBC}") = "API", "API\API.csproj", "{7D0E0837-8510-4185-8C8B-6270CBCBA2E2}"
EndProject
Global
	GlobalSection(SolutionConfigurationPlatforms) = preSolution
		Debug|Any CPU = Debug|Any CPU
		Release|Any CPU = Release|Any CPU
	EndGlobalSection
	GlobalSection(ProjectConfigurationPlatforms) = postSolution
		{7D0E0837-8510-4185-8C8B-6270CBCBA2E2}.Debug|Any CPU.ActiveCfg = Debug|Any CPU
		{7D0E0837-8510-4185-8C8B-6270CBCBA2E2}.Debug|Any CPU.Build.0 = Debug|Any CPU
		{7D0E0837-8510-4185-8C8B-6270CBCBA2E2}.Release|Any CPU.ActiveCfg = Release|Any CPU
		{7D0E0837-8510-4185-8C8B-6270CBCBA2E2}.Release|Any CPU.Build.0 = Release|Any CPU
	EndGlobalSection
	GlobalSection(SolutionProperties) = preSolution
		HideSolutionNode = FALSE
	EndGlobalSection
	GlobalSection(NestedProjects) = preSolution
		{7D0E0837-8510-4185-8C8B-6270CBCBA2E2} = {ECCE7968-1F2F-49AE-A121-4C3008AE4426}
	EndGlobalSection
EndGlobal
